
Microsoft Visual Studio Solution File, Format Version 12.00
# Visual Studio Version 16
VisualStudioVersion = 16.0.30011.22
MinimumVisualStudioVersion = 10.0.40219.1
Project("{9A19103F-16F7-4668-BE54-9A1E7A4F7556}") = "VendasWebMVC", "VendasWebMVC\VendasWebMVC.csproj", "{F96575A6-77D8-4D1C-9E31-008523DE83A4}"
EndProject
Global
	GlobalSection(SolutionConfigurationPlatforms) = preSolution
		Debug|Any CPU = Debug|Any CPU
		Release|Any CPU = Release|Any CPU
	EndGlobalSection
	GlobalSection(ProjectConfigurationPlatforms) = postSolution
		{F96575A6-77D8-4D1C-9E31-008523DE83A4}.Debug|Any CPU.ActiveCfg = Debug|Any CPU
		{F96575A6-77D8-4D1C-9E31-008523DE83A4}.Debug|Any CPU.Build.0 = Debug|Any CPU
		{F96575A6-77D8-4D1C-9E31-008523DE83A4}.Release|Any CPU.ActiveCfg = Release|Any CPU
		{F96575A6-77D8-4D1C-9E31-008523DE83A4}.Release|Any CPU.Build.0 = Release|Any CPU
	EndGlobalSection
	GlobalSection(SolutionProperties) = preSolution
		HideSolutionNode = FALSE
	EndGlobalSection
	GlobalSection(ExtensibilityGlobals) = postSolution
		SolutionGuid = {855160C1-BB2D-420F-A5A7-01C231A83187}
	EndGlobalSection
EndGlobal
